{
  "version": "3",
  "packages": {
    "specifiers": {
      "jsr:@dldc/erreur@^7.1.1": "jsr:@dldc/erreur@7.1.1",
      "jsr:@dldc/file@^2.0.1": "jsr:@dldc/file@2.0.1"
    },
    "jsr": {
      "@dldc/erreur@7.1.1": {
        "integrity": "9ba954ae0654e4ed003959c77aaa009fdf6c64f60bf4cfec33b134556ab0d6da"
      },
      "@dldc/file@2.0.1": {
        "integrity": "73bce0ea16331d073b7593bbe4e5b4551d055a005b92fa0b55d5e9c22a111e72"
      }
    }
  },
  "remote": {},
  "workspace": {
    "dependencies": [
      "jsr:@dldc/erreur@^7.1.1",
      "jsr:@dldc/file@^2.0.1",
      "npm:sql.js@^1.10.3"
    ],
    "packageJson": {
      "dependencies": [
        "npm:@dldc/erreur@7.1.0",
        "npm:@dldc/file@^2.0.1",
        "npm:@eslint/js@^9.2.0",
        "npm:@types/node@^20.12.8",
        "npm:@types/sql.js@^1.4.9",
        "npm:@vitest/coverage-v8@^1.6.0",
        "npm:auto-changelog@^2.4.0",
        "npm:eslint@^8.57.0",
        "npm:prettier@^3.2.5",
        "npm:release-it@^17.2.1",
        "npm:rimraf@^5.0.5",
        "npm:sql.js@^1.10.3",
        "npm:tsup@^8.0.2",
        "npm:typescript-eslint@^7.8.0",
        "npm:typescript@^5.4.5",
        "npm:vitest@^1.6.0"
      ]
    }
  }
}
